schema: '2.0'
stages:
  data_ingestion:
    cmd: uv run src/data/data_ingestion.py
    deps:
    - path: src/data/data_ingestion.py
      hash: md5
      md5: 2857e8138937b04ba6c2f953b8b794c5
      size: 8532
    params:
      params.yaml:
        data_ingestion.random_state: 42
        data_ingestion.test_size: 0.2
    outs:
    - path: data/raw
      hash: md5
      md5: af681a27bb74ead2f63fad6aac0cc43c.dir
      size: 15870615
      nfiles: 2
  data_preprocessing:
    cmd: uv run src/data/data_preprocessing.py
    deps:
    - path: data/raw
      hash: md5
      md5: af681a27bb74ead2f63fad6aac0cc43c.dir
      size: 15870615
      nfiles: 2
    - path: src/data/data_preprocessing.py
      hash: md5
      md5: 64a941de251b93eee99cc04d53d56fef
      size: 8834
    params:
      params.yaml:
        data_preprocessing.features:
        - review
    outs:
    - path: data/interim
      hash: md5
      md5: 515160137ec99f00365a148f2f96d61f.dir
      size: 9964044
      nfiles: 2
