schema: '2.0'
stages:
  data_ingestion:
    cmd: uv run src/data/data_ingestion.py
    deps:
    - path: src/data/data_ingestion.py
      hash: md5
      md5: 14e98f10b52635b5836396305a6cd974
      size: 8698
    params:
      params.yaml:
        data_ingestion.random_state: 42
        data_ingestion.test_size: 0.2
    outs:
    - path: data/raw
      hash: md5
      md5: af681a27bb74ead2f63fad6aac0cc43c.dir
      size: 15870615
      nfiles: 2
  data_preprocessing:
    cmd: uv run src/data/data_preprocessing.py
    deps:
    - path: data/raw
      hash: md5
      md5: af681a27bb74ead2f63fad6aac0cc43c.dir
      size: 15870615
      nfiles: 2
    - path: src/data/data_preprocessing.py
      hash: md5
      md5: fd52103ff5aa0749fe8379f3caf06117
      size: 9183
    params:
      params.yaml:
        data_preprocessing.features:
        - review
        data_preprocessing.target: sentiment
    outs:
    - path: data/interim
      hash: md5
      md5: cf7f1bcf9fce39ff37d7c1dc9006ae86.dir
      size: 9880233
      nfiles: 2
  feature_engineering:
    cmd: uv run src/features/feature_engineering.py
    deps:
    - path: data/interim
      hash: md5
      md5: cf7f1bcf9fce39ff37d7c1dc9006ae86.dir
      size: 9880233
      nfiles: 2
    - path: src/features/feature_engineering.py
      hash: md5
      md5: b0031ac6e98809bfcf88351d1e0c7361
      size: 10085
    params:
      params.yaml:
        data_preprocessing.target: sentiment
        feature_engineering.feature: review
        feature_engineering.max_features: 1000
    outs:
    - path: data/processed
      hash: md5
      md5: 2afd6bfb414546774119c0408c9a3518.dir
      size: 58480650
      nfiles: 2
    - path: models/vectorizer.pkl
      hash: md5
      md5: e59bccb3adbe5bcd7b2d4779f711b4f8
      size: 36633
  model_training:
    cmd: uv run src/model/model_training.py
    deps:
    - path: data/processed
      hash: md5
      md5: 2afd6bfb414546774119c0408c9a3518.dir
      size: 58480650
      nfiles: 2
    - path: src/model/model_training.py
      hash: md5
      md5: 608566b1d43501b0f2bff1ce7d978a44
      size: 6808
    params:
      params.yaml:
        model_training.c: 10
        model_training.max_iter: 1000
        model_training.penalty: l2
        model_training.solver: liblinear
        model_training.target: label
    outs:
    - path: models/model.pkl
      hash: md5
      md5: b1dcfdc05f3be259fd22d17503c5edd0
      size: 22766
