schema: '2.0'
stages:
  data_ingestion:
    cmd: uv run src/data/data_ingestion.py
    deps:
    - path: src/data/data_ingestion.py
      hash: md5
      md5: b39c6915670ae302919e662a519137de
      size: 8434
    params:
      params.yaml:
        data_ingestion.random_state: 42
        data_ingestion.s3_dataset: imdb.csv
        data_ingestion.test_size: 0.2
    outs:
    - path: data/raw
      hash: md5
      md5: 6882d357e449c60e331ef549ba7ec1c2.dir
      size: 65715224
      nfiles: 2
  data_preprocessing:
    cmd: uv run src/data/data_preprocessing.py
    deps:
    - path: data/raw
      hash: md5
      md5: 6882d357e449c60e331ef549ba7ec1c2.dir
      size: 65715224
      nfiles: 2
    - path: src/constants/
      hash: md5
      md5: 3103715e3fc591ba420869e9b5ab05b3.dir
      size: 1264
      nfiles: 1
    - path: src/data/data_preprocessing.py
      hash: md5
      md5: 2bf71740a45976a9ae347be5ea6eb8ac
      size: 10207
    params:
      params.yaml:
        data_preprocessing.features:
        - review
        data_preprocessing.target: sentiment
    outs:
    - path: data/interim
      hash: md5
      md5: aa97555a42ea1e6cc890b5ef7cb1c4ee.dir
      size: 41214939
      nfiles: 2
  feature_engineering:
    cmd: uv run src/features/feature_engineering.py
    deps:
    - path: data/interim
      hash: md5
      md5: aa97555a42ea1e6cc890b5ef7cb1c4ee.dir
      size: 41214939
      nfiles: 2
    - path: src/features/feature_engineering.py
      hash: md5
      md5: 92a9db31ed7b7fbf1bd4acc5e6e686f9
      size: 8765
    params:
      params.yaml:
        data_preprocessing.target: sentiment
        feature_engineering.feature: review
        feature_engineering.max_features: 10000
    outs:
    - path: data/processed
      hash: md5
      md5: 4f73f127cce1473e7ff121534603c0e1.dir
      size: 2052866117
      nfiles: 2
    - path: models/vectorizer.pkl
      hash: md5
      md5: d3f83263dd6cc5f3e5c57712e8646b32
      size: 368091
  model_training:
    cmd: uv run src/model/model_training.py
    deps:
    - path: data/processed
      hash: md5
      md5: 4f73f127cce1473e7ff121534603c0e1.dir
      size: 2052866117
      nfiles: 2
    - path: models/vectorizer.pkl
      hash: md5
      md5: d3f83263dd6cc5f3e5c57712e8646b32
      size: 368091
    - path: src/model/model_training.py
      hash: md5
      md5: 804198a7b5c3da297323bc17ac687969
      size: 6088
    params:
      params.yaml:
        model_training.c: 1
        model_training.max_iter: 10000
        model_training.penalty: l1
        model_training.solver: liblinear
        model_training.target: label
    outs:
    - path: models/model.pkl
      hash: md5
      md5: c23e2c324ae46c9fe7a6219ed2f98f71
      size: 229811
  model_evaluation:
    cmd: uv run src/model/model_evaluation.py
    deps:
    - path: data/processed
      hash: md5
      md5: 4f73f127cce1473e7ff121534603c0e1.dir
      size: 2052866117
      nfiles: 2
    - path: models/model.pkl
      hash: md5
      md5: c23e2c324ae46c9fe7a6219ed2f98f71
      size: 229811
    - path: src/model/model_evaluation.py
      hash: md5
      md5: 126dbb6ad449fe3638b31c0f1d927237
      size: 10512
    params:
      params.yaml:
        model_training.target: label
    outs:
    - path: reports/metrics.json
      hash: md5
      md5: 60d077dac52ef997ee67f1ac75a01735
      size: 216
    - path: reports/model_info.json
      hash: md5
      md5: b9e20fb6a42c422d4f6fb8916a5be16c
      size: 90
  model_registration:
    cmd: uv run src/model/model_registration.py
    deps:
    - path: reports/model_info.json
      hash: md5
      md5: b9e20fb6a42c422d4f6fb8916a5be16c
      size: 90
    - path: src/model/model_registration.py
      hash: md5
      md5: 0edee08bc76de4d93b73c1ba5d4e92e8
      size: 6691
